
Microsoft Visual Studio Solution File, Format Version 12.00
# Visual Studio Version 16
VisualStudioVersion = 16.0.30804.86
MinimumVisualStudioVersion = 10.0.40219.1
Project("{9A19103F-16F7-4668-BE54-9A1E7A4F7556}") = "ExactOnline.Client.Sdk", "src\ExactOnline.Client.Sdk\ExactOnline.Client.Sdk.csproj", "{EE442AA1-C51A-4531-92DA-A7D9C7B73973}"
EndProject
Project("{2150E333-8FDC-42A3-9474-1A3956D46DE8}") = "Tests", "Tests", "{3F1610DB-DF11-43C3-B024-427B17186896}"
EndProject
Project("{9A19103F-16F7-4668-BE54-9A1E7A4F7556}") = "ExactOnline.Client.OAuth", "src\ExactOnline.Client.OAuth\ExactOnline.Client.OAuth.csproj", "{610FE8C1-F026-4567-8B47-8CB6338251F6}"
EndProject
Project("{9A19103F-16F7-4668-BE54-9A1E7A4F7556}") = "ExactOnline.Client.Models", "src\ExactOnline.Client.Models\ExactOnline.Client.Models.csproj", "{0FBE029A-DD5E-0A4A-3EE2-6F330EB60B7C}"
EndProject
Project("{2150E333-8FDC-42A3-9474-1A3956D46DE8}") = "Solution Items", "Solution Items", "{764D1743-07C9-41B5-BAAC-62B5755155D1}"
	ProjectSection(SolutionItems) = preProject
		.editorconfig = .editorconfig
		.gitignore = .gitignore
		src\exact.png = src\exact.png
		LICENSE.txt = LICENSE.txt
		README.md = README.md
		src\SharedProjectProperties.proj = src\SharedProjectProperties.proj
		testapp.config.example = testapp.config.example
	EndProjectSection
EndProject
Project("{9A19103F-16F7-4668-BE54-9A1E7A4F7556}") = "ExactOnline.Client.Sdk.UnitTests", "test\ExactOnline.Client.Sdk.UnitTests\ExactOnline.Client.Sdk.UnitTests.csproj", "{509C3627-A0D6-4057-9A3A-420E78D3D3DD}"
EndProject
Project("{9A19103F-16F7-4668-BE54-9A1E7A4F7556}") = "ExactOnline.Client.Sdk.TestContext", "test\ExactOnline.Client.Sdk.TestContext\ExactOnline.Client.Sdk.TestContext.csproj", "{703FF27B-8209-4AE0-B081-7469A1E04750}"
EndProject
Project("{9A19103F-16F7-4668-BE54-9A1E7A4F7556}") = "ExactOnline.Client.Sdk.IntegrationTests", "test\ExactOnline.Client.Sdk.IntegrationTests\ExactOnline.Client.Sdk.IntegrationTests.csproj", "{D9EB947B-ED76-4ED0-B7E4-93CB2EF9DCD4}"
EndProject
Project("{9A19103F-16F7-4668-BE54-9A1E7A4F7556}") = "ExactOnline.Client.Sdk.PerformanceTests", "test\ExactOnline.Client.Sdk.PerformanceTests\ExactOnline.Client.Sdk.PerformanceTests.csproj", "{25A6FB7B-043B-42B6-B510-9163A8B73603}"
EndProject
Project("{9A19103F-16F7-4668-BE54-9A1E7A4F7556}") = "ExactOnline.Client.Sdk.UserAcceptanceTests", "test\ExactOnline.Client.Sdk.UserAcceptanceTests\ExactOnline.Client.Sdk.UserAcceptanceTests.csproj", "{16B93412-31C4-46AA-92C3-94D636B470A7}"
EndProject
Project("{9A19103F-16F7-4668-BE54-9A1E7A4F7556}") = "ExactOnline.Client.Sdk.Sync", "src\ExactOnline.Client.Sdk.Sync\ExactOnline.Client.Sdk.Sync.csproj", "{D78D6537-1A64-4F96-8929-39831854C406}"
EndProject
Project("{9A19103F-16F7-4668-BE54-9A1E7A4F7556}") = "ExactOnline.Client.Sdk.Sync.EntityFramework", "src\ExactOnline.Client.Sdk.Sync.EntityFramework\ExactOnline.Client.Sdk.Sync.EntityFramework.csproj", "{17405281-8A30-4E03-8CD9-0C1ECD1774E4}"
EndProject
Global
	GlobalSection(SolutionConfigurationPlatforms) = preSolution
		Browser|Any CPU = Browser|Any CPU
		Debug|Any CPU = Debug|Any CPU
		Release|Any CPU = Release|Any CPU
	EndGlobalSection
	GlobalSection(ProjectConfigurationPlatforms) = postSolution
		{EE442AA1-C51A-4531-92DA-A7D9C7B73973}.Browser|Any CPU.ActiveCfg = Release|Any CPU
		{EE442AA1-C51A-4531-92DA-A7D9C7B73973}.Browser|Any CPU.Build.0 = Release|Any CPU
		{EE442AA1-C51A-4531-92DA-A7D9C7B73973}.Debug|Any CPU.ActiveCfg = Debug|Any CPU
		{EE442AA1-C51A-4531-92DA-A7D9C7B73973}.Debug|Any CPU.Build.0 = Debug|Any CPU
		{EE442AA1-C51A-4531-92DA-A7D9C7B73973}.Release|Any CPU.ActiveCfg = Release|Any CPU
		{EE442AA1-C51A-4531-92DA-A7D9C7B73973}.Release|Any CPU.Build.0 = Release|Any CPU
		{610FE8C1-F026-4567-8B47-8CB6338251F6}.Browser|Any CPU.ActiveCfg = Release|Any CPU
		{610FE8C1-F026-4567-8B47-8CB6338251F6}.Browser|Any CPU.Build.0 = Release|Any CPU
		{610FE8C1-F026-4567-8B47-8CB6338251F6}.Debug|Any CPU.ActiveCfg = Debug|Any CPU
		{610FE8C1-F026-4567-8B47-8CB6338251F6}.Debug|Any CPU.Build.0 = Debug|Any CPU
		{610FE8C1-F026-4567-8B47-8CB6338251F6}.Release|Any CPU.ActiveCfg = Release|Any CPU
		{610FE8C1-F026-4567-8B47-8CB6338251F6}.Release|Any CPU.Build.0 = Release|Any CPU
		{0FBE029A-DD5E-0A4A-3EE2-6F330EB60B7C}.Browser|Any CPU.ActiveCfg = Debug|Any CPU
		{0FBE029A-DD5E-0A4A-3EE2-6F330EB60B7C}.Browser|Any CPU.Build.0 = Debug|Any CPU
		{0FBE029A-DD5E-0A4A-3EE2-6F330EB60B7C}.Debug|Any CPU.ActiveCfg = Debug|Any CPU
		{0FBE029A-DD5E-0A4A-3EE2-6F330EB60B7C}.Debug|Any CPU.Build.0 = Debug|Any CPU
		{0FBE029A-DD5E-0A4A-3EE2-6F330EB60B7C}.Release|Any CPU.ActiveCfg = Release|Any CPU
		{0FBE029A-DD5E-0A4A-3EE2-6F330EB60B7C}.Release|Any CPU.Build.0 = Release|Any CPU
		{509C3627-A0D6-4057-9A3A-420E78D3D3DD}.Browser|Any CPU.ActiveCfg = Debug|Any CPU
		{509C3627-A0D6-4057-9A3A-420E78D3D3DD}.Browser|Any CPU.Build.0 = Debug|Any CPU
		{509C3627-A0D6-4057-9A3A-420E78D3D3DD}.Debug|Any CPU.ActiveCfg = Debug|Any CPU
		{509C3627-A0D6-4057-9A3A-420E78D3D3DD}.Debug|Any CPU.Build.0 = Debug|Any CPU
		{509C3627-A0D6-4057-9A3A-420E78D3D3DD}.Release|Any CPU.ActiveCfg = Release|Any CPU
		{509C3627-A0D6-4057-9A3A-420E78D3D3DD}.Release|Any CPU.Build.0 = Release|Any CPU
		{703FF27B-8209-4AE0-B081-7469A1E04750}.Browser|Any CPU.ActiveCfg = Debug|Any CPU
		{703FF27B-8209-4AE0-B081-7469A1E04750}.Browser|Any CPU.Build.0 = Debug|Any CPU
		{703FF27B-8209-4AE0-B081-7469A1E04750}.Debug|Any CPU.ActiveCfg = Debug|Any CPU
		{703FF27B-8209-4AE0-B081-7469A1E04750}.Debug|Any CPU.Build.0 = Debug|Any CPU
		{703FF27B-8209-4AE0-B081-7469A1E04750}.Release|Any CPU.ActiveCfg = Release|Any CPU
		{703FF27B-8209-4AE0-B081-7469A1E04750}.Release|Any CPU.Build.0 = Release|Any CPU
		{D9EB947B-ED76-4ED0-B7E4-93CB2EF9DCD4}.Browser|Any CPU.ActiveCfg = Debug|Any CPU
		{D9EB947B-ED76-4ED0-B7E4-93CB2EF9DCD4}.Browser|Any CPU.Build.0 = Debug|Any CPU
		{D9EB947B-ED76-4ED0-B7E4-93CB2EF9DCD4}.Debug|Any CPU.ActiveCfg = Debug|Any CPU
		{D9EB947B-ED76-4ED0-B7E4-93CB2EF9DCD4}.Debug|Any CPU.Build.0 = Debug|Any CPU
		{D9EB947B-ED76-4ED0-B7E4-93CB2EF9DCD4}.Release|Any CPU.ActiveCfg = Release|Any CPU
		{D9EB947B-ED76-4ED0-B7E4-93CB2EF9DCD4}.Release|Any CPU.Build.0 = Release|Any CPU
		{25A6FB7B-043B-42B6-B510-9163A8B73603}.Browser|Any CPU.ActiveCfg = Debug|Any CPU
		{25A6FB7B-043B-42B6-B510-9163A8B73603}.Browser|Any CPU.Build.0 = Debug|Any CPU
		{25A6FB7B-043B-42B6-B510-9163A8B73603}.Debug|Any CPU.ActiveCfg = Debug|Any CPU
		{25A6FB7B-043B-42B6-B510-9163A8B73603}.Debug|Any CPU.Build.0 = Debug|Any CPU
		{25A6FB7B-043B-42B6-B510-9163A8B73603}.Release|Any CPU.ActiveCfg = Release|Any CPU
		{25A6FB7B-043B-42B6-B510-9163A8B73603}.Release|Any CPU.Build.0 = Release|Any CPU
		{16B93412-31C4-46AA-92C3-94D636B470A7}.Browser|Any CPU.ActiveCfg = Debug|Any CPU
		{16B93412-31C4-46AA-92C3-94D636B470A7}.Browser|Any CPU.Build.0 = Debug|Any CPU
		{16B93412-31C4-46AA-92C3-94D636B470A7}.Debug|Any CPU.ActiveCfg = Debug|Any CPU
		{16B93412-31C4-46AA-92C3-94D636B470A7}.Debug|Any CPU.Build.0 = Debug|Any CPU
		{16B93412-31C4-46AA-92C3-94D636B470A7}.Release|Any CPU.ActiveCfg = Release|Any CPU
		{16B93412-31C4-46AA-92C3-94D636B470A7}.Release|Any CPU.Build.0 = Release|Any CPU
		{D78D6537-1A64-4F96-8929-39831854C406}.Browser|Any CPU.ActiveCfg = Debug|Any CPU
		{D78D6537-1A64-4F96-8929-39831854C406}.Browser|Any CPU.Build.0 = Debug|Any CPU
		{D78D6537-1A64-4F96-8929-39831854C406}.Debug|Any CPU.ActiveCfg = Debug|Any CPU
		{D78D6537-1A64-4F96-8929-39831854C406}.Debug|Any CPU.Build.0 = Debug|Any CPU
		{D78D6537-1A64-4F96-8929-39831854C406}.Release|Any CPU.ActiveCfg = Release|Any CPU
		{D78D6537-1A64-4F96-8929-39831854C406}.Release|Any CPU.Build.0 = Release|Any CPU
		{17405281-8A30-4E03-8CD9-0C1ECD1774E4}.Browser|Any CPU.ActiveCfg = Debug|Any CPU
		{17405281-8A30-4E03-8CD9-0C1ECD1774E4}.Browser|Any CPU.Build.0 = Debug|Any CPU
		{17405281-8A30-4E03-8CD9-0C1ECD1774E4}.Debug|Any CPU.ActiveCfg = Debug|Any CPU
		{17405281-8A30-4E03-8CD9-0C1ECD1774E4}.Debug|Any CPU.Build.0 = Debug|Any CPU
		{17405281-8A30-4E03-8CD9-0C1ECD1774E4}.Release|Any CPU.ActiveCfg = Release|Any CPU
		{17405281-8A30-4E03-8CD9-0C1ECD1774E4}.Release|Any CPU.Build.0 = Release|Any CPU
	EndGlobalSection
	GlobalSection(SolutionProperties) = preSolution
		HideSolutionNode = FALSE
	EndGlobalSection
	GlobalSection(NestedProjects) = preSolution
		{509C3627-A0D6-4057-9A3A-420E78D3D3DD} = {3F1610DB-DF11-43C3-B024-427B17186896}
		{703FF27B-8209-4AE0-B081-7469A1E04750} = {3F1610DB-DF11-43C3-B024-427B17186896}
		{D9EB947B-ED76-4ED0-B7E4-93CB2EF9DCD4} = {3F1610DB-DF11-43C3-B024-427B17186896}
		{25A6FB7B-043B-42B6-B510-9163A8B73603} = {3F1610DB-DF11-43C3-B024-427B17186896}
		{16B93412-31C4-46AA-92C3-94D636B470A7} = {3F1610DB-DF11-43C3-B024-427B17186896}
	EndGlobalSection
	GlobalSection(ExtensibilityGlobals) = postSolution
		SolutionGuid = {322AC3FE-85D6-43F8-8AA5-A211F2ECCCFC}
	EndGlobalSection
EndGlobal
