
Microsoft Visual Studio Solution File, Format Version 12.00
# Visual Studio Version 16
VisualStudioVersion = 16.0.30804.86
MinimumVisualStudioVersion = 10.0.40219.1
Project("{9A19103F-16F7-4668-BE54-9A1E7A4F7556}") = "ExactOnline.Client.Sdk", "src\ExactOnline.Client.Sdk\ExactOnline.Client.Sdk.csproj", "{EE442AA1-C51A-4531-92DA-A7D9C7B73973}"
EndProject
Project("{2150E333-8FDC-42A3-9474-1A3956D46DE8}") = "Tests", "Tests", "{3F1610DB-DF11-43C3-B024-427B17186896}"
EndProject
Project("{9A19103F-16F7-4668-BE54-9A1E7A4F7556}") = "ExactOnline.Client.OAuth", "src\ExactOnline.Client.OAuth\ExactOnline.Client.OAuth.csproj", "{610FE8C1-F026-4567-8B47-8CB6338251F6}"
EndProject
Project("{9A19103F-16F7-4668-BE54-9A1E7A4F7556}") = "ExactOnline.Client.Sdk.UnitTests", "test\ExactOnline.Client.Sdk.UnitTests\ExactOnline.Client.Sdk.UnitTests.csproj", "{866362D4-39CA-4FAA-99C0-2BE23530E881}"
EndProject
Project("{9A19103F-16F7-4668-BE54-9A1E7A4F7556}") = "ExactOnline.Client.Models", "src\ExactOnline.Client.Models\ExactOnline.Client.Models.csproj", "{0FBE029A-DD5E-0A4A-3EE2-6F330EB60B7C}"
EndProject
Project("{2150E333-8FDC-42A3-9474-1A3956D46DE8}") = "Solution Items", "Solution Items", "{7C488726-6562-4EA0-A6E9-5C5FBD08E0B2}"
	ProjectSection(SolutionItems) = preProject
		.editorconfig = .editorconfig
		.gitignore = .gitignore
		src\exact.png = src\exact.png
		LICENSE.txt = LICENSE.txt
		README.md = README.md
		src\SharedProjectProperties.proj = src\SharedProjectProperties.proj
		testapp.config.example = testapp.config.example
	EndProjectSection
EndProject
Project("{9A19103F-16F7-4668-BE54-9A1E7A4F7556}") = "ExactOnline.Client.Sdk.Sync", "src\ExactOnline.Client.Sdk.Sync\ExactOnline.Client.Sdk.Sync.csproj", "{602C4EC8-2774-4925-A90A-D0F7A62AA09C}"
EndProject
Project("{9A19103F-16F7-4668-BE54-9A1E7A4F7556}") = "ExactOnline.Client.Sdk.Sync.EntityFramework", "src\ExactOnline.Client.Sdk.Sync.EntityFramework\ExactOnline.Client.Sdk.Sync.EntityFramework.csproj", "{949C4680-5DC1-452A-B52E-12846C9CFAEF}"
EndProject
Global
	GlobalSection(SolutionConfigurationPlatforms) = preSolution
		Browser|Any CPU = Browser|Any CPU
		Debug|Any CPU = Debug|Any CPU
		Release|Any CPU = Release|Any CPU
	EndGlobalSection
	GlobalSection(ProjectConfigurationPlatforms) = postSolution
		{EE442AA1-C51A-4531-92DA-A7D9C7B73973}.Browser|Any CPU.ActiveCfg = Release|Any CPU
		{EE442AA1-C51A-4531-92DA-A7D9C7B73973}.Browser|Any CPU.Build.0 = Release|Any CPU
		{EE442AA1-C51A-4531-92DA-A7D9C7B73973}.Debug|Any CPU.ActiveCfg = Debug|Any CPU
		{EE442AA1-C51A-4531-92DA-A7D9C7B73973}.Debug|Any CPU.Build.0 = Debug|Any CPU
		{EE442AA1-C51A-4531-92DA-A7D9C7B73973}.Release|Any CPU.ActiveCfg = Release|Any CPU
		{EE442AA1-C51A-4531-92DA-A7D9C7B73973}.Release|Any CPU.Build.0 = Release|Any CPU
		{610FE8C1-F026-4567-8B47-8CB6338251F6}.Browser|Any CPU.ActiveCfg = Release|Any CPU
		{610FE8C1-F026-4567-8B47-8CB6338251F6}.Browser|Any CPU.Build.0 = Release|Any CPU
		{610FE8C1-F026-4567-8B47-8CB6338251F6}.Debug|Any CPU.ActiveCfg = Debug|Any CPU
		{610FE8C1-F026-4567-8B47-8CB6338251F6}.Debug|Any CPU.Build.0 = Debug|Any CPU
		{610FE8C1-F026-4567-8B47-8CB6338251F6}.Release|Any CPU.ActiveCfg = Release|Any CPU
		{610FE8C1-F026-4567-8B47-8CB6338251F6}.Release|Any CPU.Build.0 = Release|Any CPU
		{866362D4-39CA-4FAA-99C0-2BE23530E881}.Browser|Any CPU.ActiveCfg = Release|Any CPU
		{866362D4-39CA-4FAA-99C0-2BE23530E881}.Browser|Any CPU.Build.0 = Release|Any CPU
		{866362D4-39CA-4FAA-99C0-2BE23530E881}.Debug|Any CPU.ActiveCfg = Debug|Any CPU
		{866362D4-39CA-4FAA-99C0-2BE23530E881}.Debug|Any CPU.Build.0 = Debug|Any CPU
		{866362D4-39CA-4FAA-99C0-2BE23530E881}.Release|Any CPU.ActiveCfg = Release|Any CPU
		{866362D4-39CA-4FAA-99C0-2BE23530E881}.Release|Any CPU.Build.0 = Release|Any CPU
		{0FBE029A-DD5E-0A4A-3EE2-6F330EB60B7C}.Browser|Any CPU.ActiveCfg = Debug|Any CPU
		{0FBE029A-DD5E-0A4A-3EE2-6F330EB60B7C}.Browser|Any CPU.Build.0 = Debug|Any CPU
		{0FBE029A-DD5E-0A4A-3EE2-6F330EB60B7C}.Debug|Any CPU.ActiveCfg = Debug|Any CPU
		{0FBE029A-DD5E-0A4A-3EE2-6F330EB60B7C}.Debug|Any CPU.Build.0 = Debug|Any CPU
		{0FBE029A-DD5E-0A4A-3EE2-6F330EB60B7C}.Release|Any CPU.ActiveCfg = Release|Any CPU
		{0FBE029A-DD5E-0A4A-3EE2-6F330EB60B7C}.Release|Any CPU.Build.0 = Release|Any CPU
		{602C4EC8-2774-4925-A90A-D0F7A62AA09C}.Browser|Any CPU.ActiveCfg = Debug|Any CPU
		{602C4EC8-2774-4925-A90A-D0F7A62AA09C}.Browser|Any CPU.Build.0 = Debug|Any CPU
		{602C4EC8-2774-4925-A90A-D0F7A62AA09C}.Debug|Any CPU.ActiveCfg = Debug|Any CPU
		{602C4EC8-2774-4925-A90A-D0F7A62AA09C}.Debug|Any CPU.Build.0 = Debug|Any CPU
		{602C4EC8-2774-4925-A90A-D0F7A62AA09C}.Release|Any CPU.ActiveCfg = Release|Any CPU
		{602C4EC8-2774-4925-A90A-D0F7A62AA09C}.Release|Any CPU.Build.0 = Release|Any CPU
		{949C4680-5DC1-452A-B52E-12846C9CFAEF}.Browser|Any CPU.ActiveCfg = Debug|Any CPU
		{949C4680-5DC1-452A-B52E-12846C9CFAEF}.Browser|Any CPU.Build.0 = Debug|Any CPU
		{949C4680-5DC1-452A-B52E-12846C9CFAEF}.Debug|Any CPU.ActiveCfg = Debug|Any CPU
		{949C4680-5DC1-452A-B52E-12846C9CFAEF}.Debug|Any CPU.Build.0 = Debug|Any CPU
		{949C4680-5DC1-452A-B52E-12846C9CFAEF}.Release|Any CPU.ActiveCfg = Release|Any CPU
		{949C4680-5DC1-452A-B52E-12846C9CFAEF}.Release|Any CPU.Build.0 = Release|Any CPU
	EndGlobalSection
	GlobalSection(SolutionProperties) = preSolution
		HideSolutionNode = FALSE
	EndGlobalSection
	GlobalSection(NestedProjects) = preSolution
		{866362D4-39CA-4FAA-99C0-2BE23530E881} = {3F1610DB-DF11-43C3-B024-427B17186896}
	EndGlobalSection
	GlobalSection(ExtensibilityGlobals) = postSolution
		SolutionGuid = {196FED2E-FC3C-402C-8CF2-6B913287B70E}
	EndGlobalSection
EndGlobal
