
Microsoft Visual Studio Solution File, Format Version 12.00
# Visual Studio Version 17
VisualStudioVersion = 17.0.31710.8
MinimumVisualStudioVersion = 10.0.40219.1
Project("{2150E333-8FDC-42A3-9474-1A3956D46DE8}") = "Samples", "Samples", "{0BA111AB-03C5-4737-86A9-3312281C9A79}"
EndProject
Project("{9A19103F-16F7-4668-BE54-9A1E7A4F7556}") = "ExactOnline.Client.Sdk", "src\ExactOnline.Client.Sdk\ExactOnline.Client.Sdk.csproj", "{DECFE5B4-F775-436B-93E3-A36DEBA5A9C4}"
EndProject
Project("{9A19103F-16F7-4668-BE54-9A1E7A4F7556}") = "ExactOnline.Client.OAuth", "src\ExactOnline.Client.OAuth\ExactOnline.Client.OAuth.csproj", "{982FEE53-0539-409E-A178-E75D4DF63804}"
EndProject
Project("{9A19103F-16F7-4668-BE54-9A1E7A4F7556}") = "ExactOnline.Client.Models", "src\ExactOnline.Client.Models\ExactOnline.Client.Models.csproj", "{3355956E-8027-4212-9F2A-21A5D73302AD}"
EndProject
Project("{9A19103F-16F7-4668-BE54-9A1E7A4F7556}") = "ConsoleApplication", "samples\ConsoleApplication\ConsoleApplication.csproj", "{A39F8DDE-9453-4BCF-919B-9851097949E0}"
EndProject
Project("{FAE04EC0-301F-11D3-BF4B-00C04F79EFBC}") = "WebApplication", "samples\WebApplication\WebApplication.csproj", "{EEFDACE2-B604-47B5-8FCC-7296157FDEC8}"
EndProject
Project("{2150E333-8FDC-42A3-9474-1A3956D46DE8}") = "Solution Items", "Solution Items", "{2C9C37AE-BD10-430B-A340-03A3A10EF359}"
	ProjectSection(SolutionItems) = preProject
		.editorconfig = .editorconfig
		.gitignore = .gitignore
		.github\workflows\build.yml = .github\workflows\build.yml
		src\Directory.Build.props = src\Directory.Build.props
		src\exact.png = src\exact.png
		LICENSE.txt = LICENSE.txt
		nuget.config = nuget.config
		README.md = README.md
		testapp.config.example = testapp.config.example
	EndProjectSection
EndProject
Project("{9A19103F-16F7-4668-BE54-9A1E7A4F7556}") = "ExactOnline.Client.Sdk.Sync", "src\ExactOnline.Client.Sdk.Sync\ExactOnline.Client.Sdk.Sync.csproj", "{177CFFF5-7AB0-47CC-9750-053C2C957337}"
EndProject
Project("{9A19103F-16F7-4668-BE54-9A1E7A4F7556}") = "ExactOnline.Client.Sdk.Sync.EntityFramework", "src\ExactOnline.Client.Sdk.Sync.EntityFramework\ExactOnline.Client.Sdk.Sync.EntityFramework.csproj", "{E340EFB6-AE9E-49F6-858C-30DAC2F56A30}"
EndProject
Project("{2150E333-8FDC-42A3-9474-1A3956D46DE8}") = "nuget", "nuget", "{9A76CC7A-6D2E-409A-A4D6-AF0D529660FF}"
	ProjectSection(SolutionItems) = preProject
		nuget\Pack.cmd = nuget\Pack.cmd
		nuget\PackAndPushToLocal.cmd = nuget\PackAndPushToLocal.cmd
		nuget\PackAndPushToNuget.cmd = nuget\PackAndPushToNuget.cmd
		nuget\SetEnvironment.cmd = nuget\SetEnvironment.cmd
	EndProjectSection
EndProject
Project("{9A19103F-16F7-4668-BE54-9A1E7A4F7556}") = "ExactOnline.Client.Sdk.Sync.EntityFrameworkCore", "src\ExactOnline.Client.Sdk.Sync.EntityFrameworkCore\ExactOnline.Client.Sdk.Sync.EntityFrameworkCore.csproj", "{FB10C682-64D7-48E3-AA2E-47C4DA8ADA61}"
EndProject
Project("{9A19103F-16F7-4668-BE54-9A1E7A4F7556}") = "ExactOnline.Client.OAuth2", "src\ExactOnline.Client.OAuth2\ExactOnline.Client.OAuth2.csproj", "{45A26B62-DA04-4E5E-80D0-84F9392CB12F}"
EndProject
Project("{9A19103F-16F7-4668-BE54-9A1E7A4F7556}") = "WebApplicationCore", "samples\WebApplicationCore\WebApplicationCore.csproj", "{BF530CA2-63DD-416C-B4F2-2A07F4D881A6}"
EndProject
Project("{FAE04EC0-301F-11D3-BF4B-00C04F79EFBC}") = "Shared", "samples\Shared\Shared.csproj", "{6CAFCDDB-B5ED-46E6-814C-D7D2C1DB4BAB}"
EndProject
Global
	GlobalSection(SolutionConfigurationPlatforms) = preSolution
		Debug|Any CPU = Debug|Any CPU
		Release|Any CPU = Release|Any CPU
	EndGlobalSection
	GlobalSection(ProjectConfigurationPlatforms) = postSolution
		{DECFE5B4-F775-436B-93E3-A36DEBA5A9C4}.Debug|Any CPU.ActiveCfg = Debug|Any CPU
		{DECFE5B4-F775-436B-93E3-A36DEBA5A9C4}.Debug|Any CPU.Build.0 = Debug|Any CPU
		{DECFE5B4-F775-436B-93E3-A36DEBA5A9C4}.Release|Any CPU.ActiveCfg = Release|Any CPU
		{DECFE5B4-F775-436B-93E3-A36DEBA5A9C4}.Release|Any CPU.Build.0 = Release|Any CPU
		{982FEE53-0539-409E-A178-E75D4DF63804}.Debug|Any CPU.ActiveCfg = Debug|Any CPU
		{982FEE53-0539-409E-A178-E75D4DF63804}.Debug|Any CPU.Build.0 = Debug|Any CPU
		{982FEE53-0539-409E-A178-E75D4DF63804}.Release|Any CPU.ActiveCfg = Release|Any CPU
		{982FEE53-0539-409E-A178-E75D4DF63804}.Release|Any CPU.Build.0 = Release|Any CPU
		{3355956E-8027-4212-9F2A-21A5D73302AD}.Debug|Any CPU.ActiveCfg = Debug|Any CPU
		{3355956E-8027-4212-9F2A-21A5D73302AD}.Debug|Any CPU.Build.0 = Debug|Any CPU
		{3355956E-8027-4212-9F2A-21A5D73302AD}.Release|Any CPU.ActiveCfg = Release|Any CPU
		{3355956E-8027-4212-9F2A-21A5D73302AD}.Release|Any CPU.Build.0 = Release|Any CPU
		{A39F8DDE-9453-4BCF-919B-9851097949E0}.Debug|Any CPU.ActiveCfg = Debug|Any CPU
		{A39F8DDE-9453-4BCF-919B-9851097949E0}.Debug|Any CPU.Build.0 = Debug|Any CPU
		{A39F8DDE-9453-4BCF-919B-9851097949E0}.Release|Any CPU.ActiveCfg = Release|Any CPU
		{A39F8DDE-9453-4BCF-919B-9851097949E0}.Release|Any CPU.Build.0 = Release|Any CPU
		{EEFDACE2-B604-47B5-8FCC-7296157FDEC8}.Debug|Any CPU.ActiveCfg = Debug|Any CPU
		{EEFDACE2-B604-47B5-8FCC-7296157FDEC8}.Debug|Any CPU.Build.0 = Debug|Any CPU
		{EEFDACE2-B604-47B5-8FCC-7296157FDEC8}.Release|Any CPU.ActiveCfg = Release|Any CPU
		{EEFDACE2-B604-47B5-8FCC-7296157FDEC8}.Release|Any CPU.Build.0 = Release|Any CPU
		{177CFFF5-7AB0-47CC-9750-053C2C957337}.Debug|Any CPU.ActiveCfg = Debug|Any CPU
		{177CFFF5-7AB0-47CC-9750-053C2C957337}.Debug|Any CPU.Build.0 = Debug|Any CPU
		{177CFFF5-7AB0-47CC-9750-053C2C957337}.Release|Any CPU.ActiveCfg = Release|Any CPU
		{177CFFF5-7AB0-47CC-9750-053C2C957337}.Release|Any CPU.Build.0 = Release|Any CPU
		{E340EFB6-AE9E-49F6-858C-30DAC2F56A30}.Debug|Any CPU.ActiveCfg = Debug|Any CPU
		{E340EFB6-AE9E-49F6-858C-30DAC2F56A30}.Debug|Any CPU.Build.0 = Debug|Any CPU
		{E340EFB6-AE9E-49F6-858C-30DAC2F56A30}.Release|Any CPU.ActiveCfg = Release|Any CPU
		{E340EFB6-AE9E-49F6-858C-30DAC2F56A30}.Release|Any CPU.Build.0 = Release|Any CPU
		{FB10C682-64D7-48E3-AA2E-47C4DA8ADA61}.Debug|Any CPU.ActiveCfg = Debug|Any CPU
		{FB10C682-64D7-48E3-AA2E-47C4DA8ADA61}.Debug|Any CPU.Build.0 = Debug|Any CPU
		{FB10C682-64D7-48E3-AA2E-47C4DA8ADA61}.Release|Any CPU.ActiveCfg = Release|Any CPU
		{FB10C682-64D7-48E3-AA2E-47C4DA8ADA61}.Release|Any CPU.Build.0 = Release|Any CPU
		{45A26B62-DA04-4E5E-80D0-84F9392CB12F}.Debug|Any CPU.ActiveCfg = Debug|Any CPU
		{45A26B62-DA04-4E5E-80D0-84F9392CB12F}.Debug|Any CPU.Build.0 = Debug|Any CPU
		{45A26B62-DA04-4E5E-80D0-84F9392CB12F}.Release|Any CPU.ActiveCfg = Release|Any CPU
		{45A26B62-DA04-4E5E-80D0-84F9392CB12F}.Release|Any CPU.Build.0 = Release|Any CPU
		{BF530CA2-63DD-416C-B4F2-2A07F4D881A6}.Debug|Any CPU.ActiveCfg = Debug|Any CPU
		{BF530CA2-63DD-416C-B4F2-2A07F4D881A6}.Debug|Any CPU.Build.0 = Debug|Any CPU
		{BF530CA2-63DD-416C-B4F2-2A07F4D881A6}.Release|Any CPU.ActiveCfg = Release|Any CPU
		{BF530CA2-63DD-416C-B4F2-2A07F4D881A6}.Release|Any CPU.Build.0 = Release|Any CPU
		{6CAFCDDB-B5ED-46E6-814C-D7D2C1DB4BAB}.Debug|Any CPU.ActiveCfg = Debug|Any CPU
		{6CAFCDDB-B5ED-46E6-814C-D7D2C1DB4BAB}.Debug|Any CPU.Build.0 = Debug|Any CPU
		{6CAFCDDB-B5ED-46E6-814C-D7D2C1DB4BAB}.Release|Any CPU.ActiveCfg = Release|Any CPU
		{6CAFCDDB-B5ED-46E6-814C-D7D2C1DB4BAB}.Release|Any CPU.Build.0 = Release|Any CPU
	EndGlobalSection
	GlobalSection(SolutionProperties) = preSolution
		HideSolutionNode = FALSE
	EndGlobalSection
	GlobalSection(NestedProjects) = preSolution
		{A39F8DDE-9453-4BCF-919B-9851097949E0} = {0BA111AB-03C5-4737-86A9-3312281C9A79}
		{EEFDACE2-B604-47B5-8FCC-7296157FDEC8} = {0BA111AB-03C5-4737-86A9-3312281C9A79}
		{BF530CA2-63DD-416C-B4F2-2A07F4D881A6} = {0BA111AB-03C5-4737-86A9-3312281C9A79}
		{6CAFCDDB-B5ED-46E6-814C-D7D2C1DB4BAB} = {0BA111AB-03C5-4737-86A9-3312281C9A79}
	EndGlobalSection
	GlobalSection(ExtensibilityGlobals) = postSolution
		SolutionGuid = {613D81F0-C68D-4C03-B06E-527DDD2CE2A6}
	EndGlobalSection
EndGlobal
