
Microsoft Visual Studio Solution File, Format Version 12.00
# Visual Studio Version 16
VisualStudioVersion = 16.0.30804.86
MinimumVisualStudioVersion = 10.0.40219.1
Project("{2150E333-8FDC-42A3-9474-1A3956D46DE8}") = "Solution Items", "Solution Items", "{6BAE7F4B-7D83-4C77-99DE-80A4FB8D4A1C}"
	ProjectSection(SolutionItems) = preProject
		.editorconfig = .editorconfig
		.gitignore = .gitignore
		src\exact.png = src\exact.png
		LICENSE.txt = LICENSE.txt
		README.md = README.md
		src\SharedProjectProperties.proj = src\SharedProjectProperties.proj
		testapp.config.example = testapp.config.example
	EndProjectSection
EndProject
Project("{9A19103F-16F7-4668-BE54-9A1E7A4F7556}") = "ExactOnline.Client.Models", "src\ExactOnline.Client.Models\ExactOnline.Client.Models.csproj", "{77B27421-9720-4FB7-8833-C12DA4A1E26E}"
EndProject
Project("{9A19103F-16F7-4668-BE54-9A1E7A4F7556}") = "ExactOnline.Client.OAuth", "src\ExactOnline.Client.OAuth\ExactOnline.Client.OAuth.csproj", "{1924B108-0059-4438-9854-678A0CD7FEC3}"
EndProject
Project("{9A19103F-16F7-4668-BE54-9A1E7A4F7556}") = "ExactOnline.Client.Sdk", "src\ExactOnline.Client.Sdk\ExactOnline.Client.Sdk.csproj", "{7078607A-F8FD-4192-890F-6E49E602F7D9}"
EndProject
Project("{9A19103F-16F7-4668-BE54-9A1E7A4F7556}") = "ConsoleApplication", "src\ConsoleApplication\ConsoleApplication.csproj", "{182A8FE1-1C41-4523-91E5-DB32D397A3C1}"
EndProject
Global
	GlobalSection(SolutionConfigurationPlatforms) = preSolution
		Debug|Any CPU = Debug|Any CPU
		Release|Any CPU = Release|Any CPU
	EndGlobalSection
	GlobalSection(ProjectConfigurationPlatforms) = postSolution
		{77B27421-9720-4FB7-8833-C12DA4A1E26E}.Debug|Any CPU.ActiveCfg = Debug|Any CPU
		{77B27421-9720-4FB7-8833-C12DA4A1E26E}.Debug|Any CPU.Build.0 = Debug|Any CPU
		{77B27421-9720-4FB7-8833-C12DA4A1E26E}.Release|Any CPU.ActiveCfg = Release|Any CPU
		{77B27421-9720-4FB7-8833-C12DA4A1E26E}.Release|Any CPU.Build.0 = Release|Any CPU
		{1924B108-0059-4438-9854-678A0CD7FEC3}.Debug|Any CPU.ActiveCfg = Debug|Any CPU
		{1924B108-0059-4438-9854-678A0CD7FEC3}.Debug|Any CPU.Build.0 = Debug|Any CPU
		{1924B108-0059-4438-9854-678A0CD7FEC3}.Release|Any CPU.ActiveCfg = Release|Any CPU
		{1924B108-0059-4438-9854-678A0CD7FEC3}.Release|Any CPU.Build.0 = Release|Any CPU
		{7078607A-F8FD-4192-890F-6E49E602F7D9}.Debug|Any CPU.ActiveCfg = Debug|Any CPU
		{7078607A-F8FD-4192-890F-6E49E602F7D9}.Debug|Any CPU.Build.0 = Debug|Any CPU
		{7078607A-F8FD-4192-890F-6E49E602F7D9}.Release|Any CPU.ActiveCfg = Release|Any CPU
		{7078607A-F8FD-4192-890F-6E49E602F7D9}.Release|Any CPU.Build.0 = Release|Any CPU
		{182A8FE1-1C41-4523-91E5-DB32D397A3C1}.Debug|Any CPU.ActiveCfg = Debug|Any CPU
		{182A8FE1-1C41-4523-91E5-DB32D397A3C1}.Debug|Any CPU.Build.0 = Debug|Any CPU
		{182A8FE1-1C41-4523-91E5-DB32D397A3C1}.Release|Any CPU.ActiveCfg = Release|Any CPU
		{182A8FE1-1C41-4523-91E5-DB32D397A3C1}.Release|Any CPU.Build.0 = Release|Any CPU
	EndGlobalSection
	GlobalSection(SolutionProperties) = preSolution
		HideSolutionNode = FALSE
	EndGlobalSection
	GlobalSection(ExtensibilityGlobals) = postSolution
		SolutionGuid = {B14361DA-2008-41BE-87E1-DA0FDE6CAAD6}
	EndGlobalSection
EndGlobal
