
Microsoft Visual Studio Solution File, Format Version 12.00
# Visual Studio Version 18
VisualStudioVersion = 18.0.11222.15 d18.0
MinimumVisualStudioVersion = 10.0.40219.1
Project("{2150E333-8FDC-42A3-9474-1A3956D46DE8}") = "samples", "samples", "{0BA111AB-03C5-4737-86A9-3312281C9A79}"
EndProject
Project("{9A19103F-16F7-4668-BE54-9A1E7A4F7556}") = "ExactOnline.Client.Sdk", "src\ExactOnline.Client.Sdk\ExactOnline.Client.Sdk.csproj", "{DECFE5B4-F775-436B-93E3-A36DEBA5A9C4}"
EndProject
Project("{9A19103F-16F7-4668-BE54-9A1E7A4F7556}") = "ExactOnline.Client.Models", "src\ExactOnline.Client.Models\ExactOnline.Client.Models.csproj", "{3355956E-8027-4212-9F2A-21A5D73302AD}"
EndProject
Project("{9A19103F-16F7-4668-BE54-9A1E7A4F7556}") = "ConsoleApplication", "samples\ConsoleApplication\ConsoleApplication.csproj", "{A39F8DDE-9453-4BCF-919B-9851097949E0}"
EndProject
Project("{FAE04EC0-301F-11D3-BF4B-00C04F79EFBC}") = "WebApplication", "samples\WebApplication\WebApplication.csproj", "{EEFDACE2-B604-47B5-8FCC-7296157FDEC8}"
EndProject
Project("{2150E333-8FDC-42A3-9474-1A3956D46DE8}") = "Solution Items", "Solution Items", "{2C9C37AE-BD10-430B-A340-03A3A10EF359}"
	ProjectSection(SolutionItems) = preProject
		.editorconfig = .editorconfig
		.gitignore = .gitignore
		create-migrations.cmd = create-migrations.cmd
		Directory.Build.props = Directory.Build.props
		Directory.Packages.props = Directory.Packages.props
		src\exact.png = src\exact.png
		LICENSE.txt = LICENSE.txt
		nuget.config = nuget.config
		README.md = README.md
		testapp.config = testapp.config
		testapp.config.example = testapp.config.example
	EndProjectSection
EndProject
Project("{9A19103F-16F7-4668-BE54-9A1E7A4F7556}") = "ExactOnline.Client.Sdk.Sync", "src\ExactOnline.Client.Sdk.Sync\ExactOnline.Client.Sdk.Sync.csproj", "{177CFFF5-7AB0-47CC-9750-053C2C957337}"
EndProject
Project("{9A19103F-16F7-4668-BE54-9A1E7A4F7556}") = "ExactOnline.Client.Sdk.Sync.EntityFramework", "src\ExactOnline.Client.Sdk.Sync.EntityFramework\ExactOnline.Client.Sdk.Sync.EntityFramework.csproj", "{E340EFB6-AE9E-49F6-858C-30DAC2F56A30}"
EndProject
Project("{2150E333-8FDC-42A3-9474-1A3956D46DE8}") = "nuget", "nuget", "{9A76CC7A-6D2E-409A-A4D6-AF0D529660FF}"
	ProjectSection(SolutionItems) = preProject
		nuget\Pack.cmd = nuget\Pack.cmd
		nuget\PackAndPushToLocal.cmd = nuget\PackAndPushToLocal.cmd
		nuget\PackAndPushToNuget.cmd = nuget\PackAndPushToNuget.cmd
		nuget\SetEnvironment.cmd = nuget\SetEnvironment.cmd
	EndProjectSection
EndProject
Project("{9A19103F-16F7-4668-BE54-9A1E7A4F7556}") = "ExactOnline.Client.Sdk.Sync.EntityFrameworkCore", "src\ExactOnline.Client.Sdk.Sync.EntityFrameworkCore\ExactOnline.Client.Sdk.Sync.EntityFrameworkCore.csproj", "{FB10C682-64D7-48E3-AA2E-47C4DA8ADA61}"
EndProject
Project("{9A19103F-16F7-4668-BE54-9A1E7A4F7556}") = "ExactOnline.Client.OAuth2", "src\ExactOnline.Client.OAuth2\ExactOnline.Client.OAuth2.csproj", "{45A26B62-DA04-4E5E-80D0-84F9392CB12F}"
EndProject
Project("{9A19103F-16F7-4668-BE54-9A1E7A4F7556}") = "WebApplicationCore", "samples\WebApplicationCore\WebApplicationCore.csproj", "{BF530CA2-63DD-416C-B4F2-2A07F4D881A6}"
EndProject
Project("{2150E333-8FDC-42A3-9474-1A3956D46DE8}") = "src", "src", "{3A54495C-C1D4-48D7-A157-5EA1096C7034}"
	ProjectSection(SolutionItems) = preProject
		src\Directory.Build.props = src\Directory.Build.props
	EndProjectSection
EndProject
Project("{2150E333-8FDC-42A3-9474-1A3956D46DE8}") = "test", "test", "{52F4B6BF-44A4-4B20-BFBD-0A0117020DE0}"
EndProject
Project("{9A19103F-16F7-4668-BE54-9A1E7A4F7556}") = "ExactOnline.Client.Sdk.IntegrationTests", "test\ExactOnline.Client.Sdk.IntegrationTests\ExactOnline.Client.Sdk.IntegrationTests.csproj", "{E9C71ECD-9520-4512-BE64-24DD1C378139}"
EndProject
Project("{9A19103F-16F7-4668-BE54-9A1E7A4F7556}") = "ExactOnline.Client.Sdk.PerformanceTests", "test\ExactOnline.Client.Sdk.PerformanceTests\ExactOnline.Client.Sdk.PerformanceTests.csproj", "{0BA9EF61-9F63-4C52-9185-95608C541A2E}"
EndProject
Project("{9A19103F-16F7-4668-BE54-9A1E7A4F7556}") = "ExactOnline.Client.Sdk.TestContext", "test\ExactOnline.Client.Sdk.TestContext\ExactOnline.Client.Sdk.TestContext.csproj", "{F54B6611-3384-43DD-B03E-CD839D19390C}"
EndProject
Project("{9A19103F-16F7-4668-BE54-9A1E7A4F7556}") = "ExactOnline.Client.Sdk.UnitTests", "test\ExactOnline.Client.Sdk.UnitTests\ExactOnline.Client.Sdk.UnitTests.csproj", "{CF304BDC-7184-4E36-BCAA-AF0E2C06AAFB}"
EndProject
Project("{9A19103F-16F7-4668-BE54-9A1E7A4F7556}") = "ExactOnline.Client.Sdk.UserAcceptanceTests", "test\ExactOnline.Client.Sdk.UserAcceptanceTests\ExactOnline.Client.Sdk.UserAcceptanceTests.csproj", "{94046384-C8CB-451C-A52F-2C900DF02F31}"
EndProject
Project("{2150E333-8FDC-42A3-9474-1A3956D46DE8}") = ".github", ".github", "{6ECB7FCD-0C53-4CBC-9E57-2B18D84612A8}"
EndProject
Project("{2150E333-8FDC-42A3-9474-1A3956D46DE8}") = "workflows", "workflows", "{25F49BB6-84A8-4117-A6EE-3FA788F601EE}"
	ProjectSection(SolutionItems) = preProject
		.github\workflows\build.yml = .github\workflows\build.yml
	EndProjectSection
EndProject
Project("{9A19103F-16F7-4668-BE54-9A1E7A4F7556}") = "ExactOnline.Client.OAuth2.WinForms", "src\ExactOnline.Client.OAuth2.WinForms\ExactOnline.Client.OAuth2.WinForms.csproj", "{C0C966CD-F064-4783-A64F-96A4611D2BF7}"
EndProject
Project("{9A19103F-16F7-4668-BE54-9A1E7A4F7556}") = "ExactOnline.Client.Sdk.Test.Infrastructure", "test\ExactOnline.Client.Sdk.Test.Infrastructure\ExactOnline.Client.Sdk.Test.Infrastructure.csproj", "{18751CD9-0ABA-4362-ABC6-5A36547C9E80}"
EndProject
Project("{9A19103F-16F7-4668-BE54-9A1E7A4F7556}") = "ExactOnline.Client.Sdk.Sync.EnitityFrameworkCore.IntegrationTests", "test\ExactOnline.Client.Sdk.Sync.EnitityFrameworkCore.IntegrationTests\ExactOnline.Client.Sdk.Sync.EnitityFrameworkCore.IntegrationTests.csproj", "{DF95C3BD-C447-4557-9B59-0A3A4C839326}"
EndProject
Project("{9A19103F-16F7-4668-BE54-9A1E7A4F7556}") = "ConsoleApplicationCore", "samples\ConsoleApplicationCore\ConsoleApplicationCore.csproj", "{CCBF2078-9877-4602-A578-ADD483D683F0}"
EndProject
Project("{9A19103F-16F7-4668-BE54-9A1E7A4F7556}") = "WinFormsApplicationCore", "samples\WinFormsApplicationCore\WinFormsApplicationCore.csproj", "{1FC19DC9-7000-4262-A684-1B8723FEA722}"
EndProject
Project("{FAE04EC0-301F-11D3-BF4B-00C04F79EFBC}") = "WinFormsApplication", "samples\WinFormsApplication\WinFormsApplication.csproj", "{BF3D4535-EFD6-4096-9DF8-564163E12A45}"
EndProject
Global
	GlobalSection(SolutionConfigurationPlatforms) = preSolution
		Debug|Any CPU = Debug|Any CPU
		Release|Any CPU = Release|Any CPU
	EndGlobalSection
	GlobalSection(ProjectConfigurationPlatforms) = postSolution
		{DECFE5B4-F775-436B-93E3-A36DEBA5A9C4}.Debug|Any CPU.ActiveCfg = Debug|Any CPU
		{DECFE5B4-F775-436B-93E3-A36DEBA5A9C4}.Debug|Any CPU.Build.0 = Debug|Any CPU
		{DECFE5B4-F775-436B-93E3-A36DEBA5A9C4}.Release|Any CPU.ActiveCfg = Release|Any CPU
		{DECFE5B4-F775-436B-93E3-A36DEBA5A9C4}.Release|Any CPU.Build.0 = Release|Any CPU
		{3355956E-8027-4212-9F2A-21A5D73302AD}.Debug|Any CPU.ActiveCfg = Debug|Any CPU
		{3355956E-8027-4212-9F2A-21A5D73302AD}.Debug|Any CPU.Build.0 = Debug|Any CPU
		{3355956E-8027-4212-9F2A-21A5D73302AD}.Release|Any CPU.ActiveCfg = Release|Any CPU
		{3355956E-8027-4212-9F2A-21A5D73302AD}.Release|Any CPU.Build.0 = Release|Any CPU
		{A39F8DDE-9453-4BCF-919B-9851097949E0}.Debug|Any CPU.ActiveCfg = Debug|Any CPU
		{A39F8DDE-9453-4BCF-919B-9851097949E0}.Debug|Any CPU.Build.0 = Debug|Any CPU
		{A39F8DDE-9453-4BCF-919B-9851097949E0}.Release|Any CPU.ActiveCfg = Release|Any CPU
		{A39F8DDE-9453-4BCF-919B-9851097949E0}.Release|Any CPU.Build.0 = Release|Any CPU
		{EEFDACE2-B604-47B5-8FCC-7296157FDEC8}.Debug|Any CPU.ActiveCfg = Debug|Any CPU
		{EEFDACE2-B604-47B5-8FCC-7296157FDEC8}.Debug|Any CPU.Build.0 = Debug|Any CPU
		{EEFDACE2-B604-47B5-8FCC-7296157FDEC8}.Release|Any CPU.ActiveCfg = Release|Any CPU
		{EEFDACE2-B604-47B5-8FCC-7296157FDEC8}.Release|Any CPU.Build.0 = Release|Any CPU
		{177CFFF5-7AB0-47CC-9750-053C2C957337}.Debug|Any CPU.ActiveCfg = Debug|Any CPU
		{177CFFF5-7AB0-47CC-9750-053C2C957337}.Debug|Any CPU.Build.0 = Debug|Any CPU
		{177CFFF5-7AB0-47CC-9750-053C2C957337}.Release|Any CPU.ActiveCfg = Release|Any CPU
		{177CFFF5-7AB0-47CC-9750-053C2C957337}.Release|Any CPU.Build.0 = Release|Any CPU
		{E340EFB6-AE9E-49F6-858C-30DAC2F56A30}.Debug|Any CPU.ActiveCfg = Debug|Any CPU
		{E340EFB6-AE9E-49F6-858C-30DAC2F56A30}.Debug|Any CPU.Build.0 = Debug|Any CPU
		{E340EFB6-AE9E-49F6-858C-30DAC2F56A30}.Release|Any CPU.ActiveCfg = Release|Any CPU
		{E340EFB6-AE9E-49F6-858C-30DAC2F56A30}.Release|Any CPU.Build.0 = Release|Any CPU
		{FB10C682-64D7-48E3-AA2E-47C4DA8ADA61}.Debug|Any CPU.ActiveCfg = Debug|Any CPU
		{FB10C682-64D7-48E3-AA2E-47C4DA8ADA61}.Debug|Any CPU.Build.0 = Debug|Any CPU
		{FB10C682-64D7-48E3-AA2E-47C4DA8ADA61}.Release|Any CPU.ActiveCfg = Release|Any CPU
		{FB10C682-64D7-48E3-AA2E-47C4DA8ADA61}.Release|Any CPU.Build.0 = Release|Any CPU
		{45A26B62-DA04-4E5E-80D0-84F9392CB12F}.Debug|Any CPU.ActiveCfg = Debug|Any CPU
		{45A26B62-DA04-4E5E-80D0-84F9392CB12F}.Debug|Any CPU.Build.0 = Debug|Any CPU
		{45A26B62-DA04-4E5E-80D0-84F9392CB12F}.Release|Any CPU.ActiveCfg = Release|Any CPU
		{45A26B62-DA04-4E5E-80D0-84F9392CB12F}.Release|Any CPU.Build.0 = Release|Any CPU
		{BF530CA2-63DD-416C-B4F2-2A07F4D881A6}.Debug|Any CPU.ActiveCfg = Debug|Any CPU
		{BF530CA2-63DD-416C-B4F2-2A07F4D881A6}.Debug|Any CPU.Build.0 = Debug|Any CPU
		{BF530CA2-63DD-416C-B4F2-2A07F4D881A6}.Release|Any CPU.ActiveCfg = Release|Any CPU
		{BF530CA2-63DD-416C-B4F2-2A07F4D881A6}.Release|Any CPU.Build.0 = Release|Any CPU
		{E9C71ECD-9520-4512-BE64-24DD1C378139}.Debug|Any CPU.ActiveCfg = Debug|Any CPU
		{E9C71ECD-9520-4512-BE64-24DD1C378139}.Debug|Any CPU.Build.0 = Debug|Any CPU
		{E9C71ECD-9520-4512-BE64-24DD1C378139}.Release|Any CPU.ActiveCfg = Release|Any CPU
		{E9C71ECD-9520-4512-BE64-24DD1C378139}.Release|Any CPU.Build.0 = Release|Any CPU
		{0BA9EF61-9F63-4C52-9185-95608C541A2E}.Debug|Any CPU.ActiveCfg = Debug|Any CPU
		{0BA9EF61-9F63-4C52-9185-95608C541A2E}.Debug|Any CPU.Build.0 = Debug|Any CPU
		{0BA9EF61-9F63-4C52-9185-95608C541A2E}.Release|Any CPU.ActiveCfg = Release|Any CPU
		{0BA9EF61-9F63-4C52-9185-95608C541A2E}.Release|Any CPU.Build.0 = Release|Any CPU
		{F54B6611-3384-43DD-B03E-CD839D19390C}.Debug|Any CPU.ActiveCfg = Debug|Any CPU
		{F54B6611-3384-43DD-B03E-CD839D19390C}.Debug|Any CPU.Build.0 = Debug|Any CPU
		{F54B6611-3384-43DD-B03E-CD839D19390C}.Release|Any CPU.ActiveCfg = Release|Any CPU
		{F54B6611-3384-43DD-B03E-CD839D19390C}.Release|Any CPU.Build.0 = Release|Any CPU
		{CF304BDC-7184-4E36-BCAA-AF0E2C06AAFB}.Debug|Any CPU.ActiveCfg = Debug|Any CPU
		{CF304BDC-7184-4E36-BCAA-AF0E2C06AAFB}.Debug|Any CPU.Build.0 = Debug|Any CPU
		{CF304BDC-7184-4E36-BCAA-AF0E2C06AAFB}.Release|Any CPU.ActiveCfg = Release|Any CPU
		{CF304BDC-7184-4E36-BCAA-AF0E2C06AAFB}.Release|Any CPU.Build.0 = Release|Any CPU
		{94046384-C8CB-451C-A52F-2C900DF02F31}.Debug|Any CPU.ActiveCfg = Debug|Any CPU
		{94046384-C8CB-451C-A52F-2C900DF02F31}.Debug|Any CPU.Build.0 = Debug|Any CPU
		{94046384-C8CB-451C-A52F-2C900DF02F31}.Release|Any CPU.ActiveCfg = Release|Any CPU
		{94046384-C8CB-451C-A52F-2C900DF02F31}.Release|Any CPU.Build.0 = Release|Any CPU
		{C0C966CD-F064-4783-A64F-96A4611D2BF7}.Debug|Any CPU.ActiveCfg = Debug|Any CPU
		{C0C966CD-F064-4783-A64F-96A4611D2BF7}.Debug|Any CPU.Build.0 = Debug|Any CPU
		{C0C966CD-F064-4783-A64F-96A4611D2BF7}.Release|Any CPU.ActiveCfg = Release|Any CPU
		{C0C966CD-F064-4783-A64F-96A4611D2BF7}.Release|Any CPU.Build.0 = Release|Any CPU
		{18751CD9-0ABA-4362-ABC6-5A36547C9E80}.Debug|Any CPU.ActiveCfg = Debug|Any CPU
		{18751CD9-0ABA-4362-ABC6-5A36547C9E80}.Debug|Any CPU.Build.0 = Debug|Any CPU
		{18751CD9-0ABA-4362-ABC6-5A36547C9E80}.Release|Any CPU.ActiveCfg = Release|Any CPU
		{18751CD9-0ABA-4362-ABC6-5A36547C9E80}.Release|Any CPU.Build.0 = Release|Any CPU
		{DF95C3BD-C447-4557-9B59-0A3A4C839326}.Debug|Any CPU.ActiveCfg = Debug|Any CPU
		{DF95C3BD-C447-4557-9B59-0A3A4C839326}.Debug|Any CPU.Build.0 = Debug|Any CPU
		{DF95C3BD-C447-4557-9B59-0A3A4C839326}.Release|Any CPU.ActiveCfg = Release|Any CPU
		{DF95C3BD-C447-4557-9B59-0A3A4C839326}.Release|Any CPU.Build.0 = Release|Any CPU
		{CCBF2078-9877-4602-A578-ADD483D683F0}.Debug|Any CPU.ActiveCfg = Debug|Any CPU
		{CCBF2078-9877-4602-A578-ADD483D683F0}.Debug|Any CPU.Build.0 = Debug|Any CPU
		{CCBF2078-9877-4602-A578-ADD483D683F0}.Release|Any CPU.ActiveCfg = Release|Any CPU
		{CCBF2078-9877-4602-A578-ADD483D683F0}.Release|Any CPU.Build.0 = Release|Any CPU
		{1FC19DC9-7000-4262-A684-1B8723FEA722}.Debug|Any CPU.ActiveCfg = Debug|Any CPU
		{1FC19DC9-7000-4262-A684-1B8723FEA722}.Debug|Any CPU.Build.0 = Debug|Any CPU
		{1FC19DC9-7000-4262-A684-1B8723FEA722}.Release|Any CPU.ActiveCfg = Release|Any CPU
		{1FC19DC9-7000-4262-A684-1B8723FEA722}.Release|Any CPU.Build.0 = Release|Any CPU
		{BF3D4535-EFD6-4096-9DF8-564163E12A45}.Debug|Any CPU.ActiveCfg = Debug|Any CPU
		{BF3D4535-EFD6-4096-9DF8-564163E12A45}.Debug|Any CPU.Build.0 = Debug|Any CPU
		{BF3D4535-EFD6-4096-9DF8-564163E12A45}.Release|Any CPU.ActiveCfg = Release|Any CPU
		{BF3D4535-EFD6-4096-9DF8-564163E12A45}.Release|Any CPU.Build.0 = Release|Any CPU
	EndGlobalSection
	GlobalSection(SolutionProperties) = preSolution
		HideSolutionNode = FALSE
	EndGlobalSection
	GlobalSection(NestedProjects) = preSolution
		{DECFE5B4-F775-436B-93E3-A36DEBA5A9C4} = {3A54495C-C1D4-48D7-A157-5EA1096C7034}
		{3355956E-8027-4212-9F2A-21A5D73302AD} = {3A54495C-C1D4-48D7-A157-5EA1096C7034}
		{A39F8DDE-9453-4BCF-919B-9851097949E0} = {0BA111AB-03C5-4737-86A9-3312281C9A79}
		{EEFDACE2-B604-47B5-8FCC-7296157FDEC8} = {0BA111AB-03C5-4737-86A9-3312281C9A79}
		{177CFFF5-7AB0-47CC-9750-053C2C957337} = {3A54495C-C1D4-48D7-A157-5EA1096C7034}
		{E340EFB6-AE9E-49F6-858C-30DAC2F56A30} = {3A54495C-C1D4-48D7-A157-5EA1096C7034}
		{FB10C682-64D7-48E3-AA2E-47C4DA8ADA61} = {3A54495C-C1D4-48D7-A157-5EA1096C7034}
		{45A26B62-DA04-4E5E-80D0-84F9392CB12F} = {3A54495C-C1D4-48D7-A157-5EA1096C7034}
		{BF530CA2-63DD-416C-B4F2-2A07F4D881A6} = {0BA111AB-03C5-4737-86A9-3312281C9A79}
		{E9C71ECD-9520-4512-BE64-24DD1C378139} = {52F4B6BF-44A4-4B20-BFBD-0A0117020DE0}
		{0BA9EF61-9F63-4C52-9185-95608C541A2E} = {52F4B6BF-44A4-4B20-BFBD-0A0117020DE0}
		{F54B6611-3384-43DD-B03E-CD839D19390C} = {52F4B6BF-44A4-4B20-BFBD-0A0117020DE0}
		{CF304BDC-7184-4E36-BCAA-AF0E2C06AAFB} = {52F4B6BF-44A4-4B20-BFBD-0A0117020DE0}
		{94046384-C8CB-451C-A52F-2C900DF02F31} = {52F4B6BF-44A4-4B20-BFBD-0A0117020DE0}
		{25F49BB6-84A8-4117-A6EE-3FA788F601EE} = {6ECB7FCD-0C53-4CBC-9E57-2B18D84612A8}
		{C0C966CD-F064-4783-A64F-96A4611D2BF7} = {3A54495C-C1D4-48D7-A157-5EA1096C7034}
		{18751CD9-0ABA-4362-ABC6-5A36547C9E80} = {52F4B6BF-44A4-4B20-BFBD-0A0117020DE0}
		{DF95C3BD-C447-4557-9B59-0A3A4C839326} = {52F4B6BF-44A4-4B20-BFBD-0A0117020DE0}
		{CCBF2078-9877-4602-A578-ADD483D683F0} = {0BA111AB-03C5-4737-86A9-3312281C9A79}
		{1FC19DC9-7000-4262-A684-1B8723FEA722} = {0BA111AB-03C5-4737-86A9-3312281C9A79}
		{BF3D4535-EFD6-4096-9DF8-564163E12A45} = {0BA111AB-03C5-4737-86A9-3312281C9A79}
	EndGlobalSection
	GlobalSection(ExtensibilityGlobals) = postSolution
		SolutionGuid = {613D81F0-C68D-4C03-B06E-527DDD2CE2A6}
	EndGlobalSection
EndGlobal
